
Microsoft Visual Studio Solution File, Format Version 12.00
# Visual Studio Version 17
VisualStudioVersion = 17.4.33213.308
MinimumVisualStudioVersion = 10.0.40219.1
Project("{FAE04EC0-301F-11D3-BF4B-00C04F79EFBC}") = "SchoolAdministration.Web", "SchoolAdministration.Web\SchoolAdministration.Web.csproj", "{03E1EFA7-0F2B-4B67-B484-2CA40218BF38}"
EndProject
Project("{FAE04EC0-301F-11D3-BF4B-00C04F79EFBC}") = "SchoolAdministration.Data", "SchoolAdministration.Data\SchoolAdministration.Data.csproj", "{17680679-3F7B-42D6-8E3A-2A91331C595A}"
EndProject
Project("{FAE04EC0-301F-11D3-BF4B-00C04F79EFBC}") = "SchoolAdministration.Domain", "SchoolAdministration.Domain\SchoolAdministration.Domain.csproj", "{A1E3775C-FDD7-42DF-BEEC-2E83436E58F4}"
EndProject
Global
	GlobalSection(SolutionConfigurationPlatforms) = preSolution
		Debug|Any CPU = Debug|Any CPU
		Release|Any CPU = Release|Any CPU
	EndGlobalSection
	GlobalSection(ProjectConfigurationPlatforms) = postSolution
		{03E1EFA7-0F2B-4B67-B484-2CA40218BF38}.Debug|Any CPU.ActiveCfg = Debug|Any CPU
		{03E1EFA7-0F2B-4B67-B484-2CA40218BF38}.Debug|Any CPU.Build.0 = Debug|Any CPU
		{03E1EFA7-0F2B-4B67-B484-2CA40218BF38}.Release|Any CPU.ActiveCfg = Release|Any CPU
		{03E1EFA7-0F2B-4B67-B484-2CA40218BF38}.Release|Any CPU.Build.0 = Release|Any CPU
		{17680679-3F7B-42D6-8E3A-2A91331C595A}.Debug|Any CPU.ActiveCfg = Debug|Any CPU
		{17680679-3F7B-42D6-8E3A-2A91331C595A}.Debug|Any CPU.Build.0 = Debug|Any CPU
		{17680679-3F7B-42D6-8E3A-2A91331C595A}.Release|Any CPU.ActiveCfg = Release|Any CPU
		{17680679-3F7B-42D6-8E3A-2A91331C595A}.Release|Any CPU.Build.0 = Release|Any CPU
		{A1E3775C-FDD7-42DF-BEEC-2E83436E58F4}.Debug|Any CPU.ActiveCfg = Debug|Any CPU
		{A1E3775C-FDD7-42DF-BEEC-2E83436E58F4}.Debug|Any CPU.Build.0 = Debug|Any CPU
		{A1E3775C-FDD7-42DF-BEEC-2E83436E58F4}.Release|Any CPU.ActiveCfg = Release|Any CPU
		{A1E3775C-FDD7-42DF-BEEC-2E83436E58F4}.Release|Any CPU.Build.0 = Release|Any CPU
	EndGlobalSection
	GlobalSection(SolutionProperties) = preSolution
		HideSolutionNode = FALSE
	EndGlobalSection
	GlobalSection(ExtensibilityGlobals) = postSolution
		SolutionGuid = {0A1B71BA-71F7-4219-881D-8F20F42B8EA8}
	EndGlobalSection
EndGlobal
